// !$*UTF8*$!
{
	archiveVersion = 1;
	classes = {
	};
	objectVersion = 46;
	objects = {

/* Begin PBXBuildFile section */
		729C07E715ED98510082C277 /* UIKit.framework in Frameworks */ = {isa = PBXBuildFile; fileRef = 729C07E615ED98510082C277 /* UIKit.framework */; };
		729C07E915ED98510082C277 /* Foundation.framework in Frameworks */ = {isa = PBXBuildFile; fileRef = 729C07E815ED98510082C277 /* Foundation.framework */; };
		729C07EB15ED98510082C277 /* CoreGraphics.framework in Frameworks */ = {isa = PBXBuildFile; fileRef = 729C07EA15ED98510082C277 /* CoreGraphics.framework */; };
		729C07F115ED98510082C277 /* InfoPlist.strings in Resources */ = {isa = PBXBuildFile; fileRef = 729C07EF15ED98510082C277 /* InfoPlist.strings */; };
		729C07F315ED98510082C277 /* main.m in Sources */ = {isa = PBXBuildFile; fileRef = 729C07F215ED98510082C277 /* main.m */; };
		729C07F715ED98510082C277 /* IODAppDelegate.m in Sources */ = {isa = PBXBuildFile; fileRef = 729C07F615ED98510082C277 /* IODAppDelegate.m */; };
		729C07FA15ED98510082C277 /* MainStoryboard.storyboard in Resources */ = {isa = PBXBuildFile; fileRef = 729C07F815ED98510082C277 /* MainStoryboard.storyboard */; };
		729C07FD15ED98510082C277 /* IODViewController.m in Sources */ = {isa = PBXBuildFile; fileRef = 729C07FC15ED98510082C277 /* IODViewController.m */; };
		729C082F15ED9AE80082C277 /* bg_counter.png in Resources */ = {isa = PBXBuildFile; fileRef = 729C080515ED9AE80082C277 /* bg_counter.png */; };
		729C083015ED9AE80082C277 /* bg_counter@2x.png in Resources */ = {isa = PBXBuildFile; fileRef = 729C080615ED9AE80082C277 /* bg_counter@2x.png */; };
		729C083115ED9AE80082C277 /* bg_wall.png in Resources */ = {isa = PBXBuildFile; fileRef = 729C080715ED9AE80082C277 /* bg_wall.png */; };
		729C083215ED9AE80082C277 /* bg_wall@2x.png in Resources */ = {isa = PBXBuildFile; fileRef = 729C080815ED9AE80082C277 /* bg_wall@2x.png */; };
		729C083315ED9AE80082C277 /* button_arrow.png in Resources */ = {isa = PBXBuildFile; fileRef = 729C080915ED9AE80082C277 /* button_arrow.png */; };
		729C083415ED9AE80082C277 /* button_arrow@2x.png in Resources */ = {isa = PBXBuildFile; fileRef = 729C080A15ED9AE80082C277 /* button_arrow@2x.png */; };
		729C083515ED9AE80082C277 /* button_arrow_left.png in Resources */ = {isa = PBXBuildFile; fileRef = 729C080B15ED9AE80082C277 /* button_arrow_left.png */; };
		729C083615ED9AE80082C277 /* button_arrow_left@2x.png in Resources */ = {isa = PBXBuildFile; fileRef = 729C080C15ED9AE80082C277 /* button_arrow_left@2x.png */; };
		729C083715ED9AE80082C277 /* button_silver.png in Resources */ = {isa = PBXBuildFile; fileRef = 729C080D15ED9AE80082C277 /* button_silver.png */; };
		729C083815ED9AE80082C277 /* button_silver@2x.png in Resources */ = {isa = PBXBuildFile; fileRef = 729C080E15ED9AE80082C277 /* button_silver@2x.png */; };
		729C083915ED9AE80082C277 /* button_silver_stretch.png in Resources */ = {isa = PBXBuildFile; fileRef = 729C080F15ED9AE80082C277 /* button_silver_stretch.png */; };
		729C083A15ED9AE80082C277 /* button_silver_stretch@2x.png in Resources */ = {isa = PBXBuildFile; fileRef = 729C081015ED9AE80082C277 /* button_silver_stretch@2x.png */; };
		729C083B15ED9AE80082C277 /* chalkboard.png in Resources */ = {isa = PBXBuildFile; fileRef = 729C081115ED9AE80082C277 /* chalkboard.png */; };
		729C083C15ED9AE80082C277 /* chalkboard@2x.png in Resources */ = {isa = PBXBuildFile; fileRef = 729C081215ED9AE80082C277 /* chalkboard@2x.png */; };
		729C083D15ED9AE80082C277 /* food_box.png in Resources */ = {isa = PBXBuildFile; fileRef = 729C081315ED9AE80082C277 /* food_box.png */; };
		729C083E15ED9AE80082C277 /* food_box@2x.png in Resources */ = {isa = PBXBuildFile; fileRef = 729C081415ED9AE80082C277 /* food_box@2x.png */; };
		729C083F15ED9AE80082C277 /* food_cheeseburger.png in Resources */ = {isa = PBXBuildFile; fileRef = 729C081515ED9AE80082C277 /* food_cheeseburger.png */; };
		729C084015ED9AE80082C277 /* food_cheeseburger@2x.png in Resources */ = {isa = PBXBuildFile; fileRef = 729C081615ED9AE80082C277 /* food_cheeseburger@2x.png */; };
		729C084115ED9AE80082C277 /* food_fries.png in Resources */ = {isa = PBXBuildFile; fileRef = 729C081715ED9AE80082C277 /* food_fries.png */; };
		729C084215ED9AE80082C277 /* food_fries@2x.png in Resources */ = {isa = PBXBuildFile; fileRef = 729C081815ED9AE80082C277 /* food_fries@2x.png */; };
		729C084315ED9AE80082C277 /* food_hamburger.png in Resources */ = {isa = PBXBuildFile; fileRef = 729C081915ED9AE80082C277 /* food_hamburger.png */; };
		729C084415ED9AE80082C277 /* food_hamburger@2x.png in Resources */ = {isa = PBXBuildFile; fileRef = 729C081A15ED9AE80082C277 /* food_hamburger@2x.png */; };
		729C084515ED9AE80082C277 /* food_milkshake.png in Resources */ = {isa = PBXBuildFile; fileRef = 729C081B15ED9AE80082C277 /* food_milkshake.png */; };
		729C084615ED9AE80082C277 /* food_milkshake@2x.png in Resources */ = {isa = PBXBuildFile; fileRef = 729C081C15ED9AE80082C277 /* food_milkshake@2x.png */; };
		729C084715ED9AE80082C277 /* food_onion-rings.png in Resources */ = {isa = PBXBuildFile; fileRef = 729C081D15ED9AE80082C277 /* food_onion-rings.png */; };
		729C084815ED9AE80082C277 /* food_onion-rings@2x.png in Resources */ = {isa = PBXBuildFile; fileRef = 729C081E15ED9AE80082C277 /* food_onion-rings@2x.png */; };
		729C084915ED9AE80082C277 /* food_pizza.png in Resources */ = {isa = PBXBuildFile; fileRef = 729C081F15ED9AE80082C277 /* food_pizza.png */; };
		729C084A15ED9AE80082C277 /* food_pizza@2x.png in Resources */ = {isa = PBXBuildFile; fileRef = 729C082015ED9AE80082C277 /* food_pizza@2x.png */; };
		729C084B15ED9AE80082C277 /* food_soda.png in Resources */ = {isa = PBXBuildFile; fileRef = 729C082115ED9AE80082C277 /* food_soda.png */; };
		729C084C15ED9AE80082C277 /* food_soda@2x.png in Resources */ = {isa = PBXBuildFile; fileRef = 729C082215ED9AE80082C277 /* food_soda@2x.png */; };
		729C084D15ED9AE80082C277 /* mockup_diner.png in Resources */ = {isa = PBXBuildFile; fileRef = 729C082315ED9AE80082C277 /* mockup_diner.png */; };
		729C084E15ED9AE80082C277 /* mockup_diner@2x.png in Resources */ = {isa = PBXBuildFile; fileRef = 729C082415ED9AE80082C277 /* mockup_diner@2x.png */; };
		729C084F15ED9AE80082C277 /* person.png in Resources */ = {isa = PBXBuildFile; fileRef = 729C082515ED9AE80082C277 /* person.png */; };
		729C085015ED9AE80082C277 /* person@2x.png in Resources */ = {isa = PBXBuildFile; fileRef = 729C082615ED9AE80082C277 /* person@2x.png */; };
		729C085115ED9AE80082C277 /* sign_blank.png in Resources */ = {isa = PBXBuildFile; fileRef = 729C082715ED9AE80082C277 /* sign_blank.png */; };
		729C085215ED9AE80082C277 /* sign_blank@2x.png in Resources */ = {isa = PBXBuildFile; fileRef = 729C082815ED9AE80082C277 /* sign_blank@2x.png */; };
		729C085315ED9AE80082C277 /* sign_theiOSdiner.png in Resources */ = {isa = PBXBuildFile; fileRef = 729C082915ED9AE80082C277 /* sign_theiOSdiner.png */; };
		729C085415ED9AE80082C277 /* sign_theiOSdiner@2x.png in Resources */ = {isa = PBXBuildFile; fileRef = 729C082A15ED9AE80082C277 /* sign_theiOSdiner@2x.png */; };
		729C085515ED9AE80082C277 /* total_field.png in Resources */ = {isa = PBXBuildFile; fileRef = 729C082B15ED9AE80082C277 /* total_field.png */; };
		729C085615ED9AE80082C277 /* total_field@2x.png in Resources */ = {isa = PBXBuildFile; fileRef = 729C082C15ED9AE80082C277 /* total_field@2x.png */; };
		729C085715ED9AE80082C277 /* total_field_stretch.png in Resources */ = {isa = PBXBuildFile; fileRef = 729C082D15ED9AE80082C277 /* total_field_stretch.png */; };
		729C085815ED9AE80082C277 /* total_field_stretch@2x.png in Resources */ = {isa = PBXBuildFile; fileRef = 729C082E15ED9AE80082C277 /* total_field_stretch@2x.png */; };
/* End PBXBuildFile section */

/* Begin PBXFileReference section */
		729C07E215ED98510082C277 /* iOSDiner.app */ = {isa = PBXFileReference; explicitFileType = wrapper.application; includeInIndex = 0; path = iOSDiner.app; sourceTree = BUILT_PRODUCTS_DIR; };
		729C07E615ED98510082C277 /* UIKit.framework */ = {isa = PBXFileReference; lastKnownFileType = wrapper.framework; name = UIKit.framework; path = System/Library/Frameworks/UIKit.framework; sourceTree = SDKROOT; };
		729C07E815ED98510082C277 /* Foundation.framework */ = {isa = PBXFileReference; lastKnownFileType = wrapper.framework; name = Foundation.framework; path = System/Library/Frameworks/Foundation.framework; sourceTree = SDKROOT; };
		729C07EA15ED98510082C277 /* CoreGraphics.framework */ = {isa = PBXFileReference; lastKnownFileType = wrapper.framework; name = CoreGraphics.framework; path = System/Library/Frameworks/CoreGraphics.framework; sourceTree = SDKROOT; };
		729C07EE15ED98510082C277 /* iOSDiner-Info.plist */ = {isa = PBXFileReference; lastKnownFileType = text.plist.xml; path = "iOSDiner-Info.plist"; sourceTree = "<group>"; };
		729C07F015ED98510082C277 /* en */ = {isa = PBXFileReference; lastKnownFileType = text.plist.strings; name = en; path = en.lproj/InfoPlist.strings; sourceTree = "<group>"; };
		729C07F215ED98510082C277 /* main.m */ = {isa = PBXFileReference; lastKnownFileType = sourcecode.c.objc; path = main.m; sourceTree = "<group>"; };
		729C07F415ED98510082C277 /* iOSDiner-Prefix.pch */ = {isa = PBXFileReference; lastKnownFileType = sourcecode.c.h; path = "iOSDiner-Prefix.pch"; sourceTree = "<group>"; };
		729C07F515ED98510082C277 /* IODAppDelegate.h */ = {isa = PBXFileReference; lastKnownFileType = sourcecode.c.h; path = IODAppDelegate.h; sourceTree = "<group>"; };
		729C07F615ED98510082C277 /* IODAppDelegate.m */ = {isa = PBXFileReference; lastKnownFileType = sourcecode.c.objc; path = IODAppDelegate.m; sourceTree = "<group>"; };
		729C07F915ED98510082C277 /* en */ = {isa = PBXFileReference; lastKnownFileType = file.storyboard; name = en; path = en.lproj/MainStoryboard.storyboard; sourceTree = "<group>"; };
		729C07FB15ED98510082C277 /* IODViewController.h */ = {isa = PBXFileReference; lastKnownFileType = sourcecode.c.h; path = IODViewController.h; sourceTree = "<group>"; };
		729C07FC15ED98510082C277 /* IODViewController.m */ = {isa = PBXFileReference; lastKnownFileType = sourcecode.c.objc; path = IODViewController.m; sourceTree = "<group>"; };
		729C080515ED9AE80082C277 /* bg_counter.png */ = {isa = PBXFileReference; lastKnownFileType = image.png; path = bg_counter.png; sourceTree = "<group>"; };
		729C080615ED9AE80082C277 /* bg_counter@2x.png */ = {isa = PBXFileReference; lastKnownFileType = image.png; path = "bg_counter@2x.png"; sourceTree = "<group>"; };
		729C080715ED9AE80082C277 /* bg_wall.png */ = {isa = PBXFileReference; lastKnownFileType = image.png; path = bg_wall.png; sourceTree = "<group>"; };
		729C080815ED9AE80082C277 /* bg_wall@2x.png */ = {isa = PBXFileReference; lastKnownFileType = image.png; path = "bg_wall@2x.png"; sourceTree = "<group>"; };
		729C080915ED9AE80082C277 /* button_arrow.png */ = {isa = PBXFileReference; lastKnownFileType = image.png; path = button_arrow.png; sourceTree = "<group>"; };
		729C080A15ED9AE80082C277 /* button_arrow@2x.png */ = {isa = PBXFileReference; lastKnownFileType = image.png; path = "button_arrow@2x.png"; sourceTree = "<group>"; };
		729C080B15ED9AE80082C277 /* button_arrow_left.png */ = {isa = PBXFileReference; lastKnownFileType = image.png; path = button_arrow_left.png; sourceTree = "<group>"; };
		729C080C15ED9AE80082C277 /* button_arrow_left@2x.png */ = {isa = PBXFileReference; lastKnownFileType = image.png; path = "button_arrow_left@2x.png"; sourceTree = "<group>"; };
		729C080D15ED9AE80082C277 /* button_silver.png */ = {isa = PBXFileReference; lastKnownFileType = image.png; path = button_silver.png; sourceTree = "<group>"; };
		729C080E15ED9AE80082C277 /* button_silver@2x.png */ = {isa = PBXFileReference; lastKnownFileType = image.png; path = "button_silver@2x.png"; sourceTree = "<group>"; };
		729C080F15ED9AE80082C277 /* button_silver_stretch.png */ = {isa = PBXFileReference; lastKnownFileType = image.png; path = button_silver_stretch.png; sourceTree = "<group>"; };
		729C081015ED9AE80082C277 /* button_silver_stretch@2x.png */ = {isa = PBXFileReference; lastKnownFileType = image.png; path = "button_silver_stretch@2x.png"; sourceTree = "<group>"; };
		729C081115ED9AE80082C277 /* chalkboard.png */ = {isa = PBXFileReference; lastKnownFileType = image.png; path = chalkboard.png; sourceTree = "<group>"; };
		729C081215ED9AE80082C277 /* chalkboard@2x.png */ = {isa = PBXFileReference; lastKnownFileType = image.png; path = "chalkboard@2x.png"; sourceTree = "<group>"; };
		729C081315ED9AE80082C277 /* food_box.png */ = {isa = PBXFileReference; lastKnownFileType = image.png; path = food_box.png; sourceTree = "<group>"; };
		729C081415ED9AE80082C277 /* food_box@2x.png */ = {isa = PBXFileReference; lastKnownFileType = image.png; path = "food_box@2x.png"; sourceTree = "<group>"; };
		729C081515ED9AE80082C277 /* food_cheeseburger.png */ = {isa = PBXFileReference; lastKnownFileType = image.png; path = food_cheeseburger.png; sourceTree = "<group>"; };
		729C081615ED9AE80082C277 /* food_cheeseburger@2x.png */ = {isa = PBXFileReference; lastKnownFileType = image.png; path = "food_cheeseburger@2x.png"; sourceTree = "<group>"; };
		729C081715ED9AE80082C277 /* food_fries.png */ = {isa = PBXFileReference; lastKnownFileType = image.png; path = food_fries.png; sourceTree = "<group>"; };
		729C081815ED9AE80082C277 /* food_fries@2x.png */ = {isa = PBXFileReference; lastKnownFileType = image.png; path = "food_fries@2x.png"; sourceTree = "<group>"; };
		729C081915ED9AE80082C277 /* food_hamburger.png */ = {isa = PBXFileReference; lastKnownFileType = image.png; path = food_hamburger.png; sourceTree = "<group>"; };
		729C081A15ED9AE80082C277 /* food_hamburger@2x.png */ = {isa = PBXFileReference; lastKnownFileType = image.png; path = "food_hamburger@2x.png"; sourceTree = "<group>"; };
		729C081B15ED9AE80082C277 /* food_milkshake.png */ = {isa = PBXFileReference; lastKnownFileType = image.png; path = food_milkshake.png; sourceTree = "<group>"; };
		729C081C15ED9AE80082C277 /* food_milkshake@2x.png */ = {isa = PBXFileReference; lastKnownFileType = image.png; path = "food_milkshake@2x.png"; sourceTree = "<group>"; };
		729C081D15ED9AE80082C277 /* food_onion-rings.png */ = {isa = PBXFileReference; lastKnownFileType = image.png; path = "food_onion-rings.png"; sourceTree = "<group>"; };
		729C081E15ED9AE80082C277 /* food_onion-rings@2x.png */ = {isa = PBXFileReference; lastKnownFileType = image.png; path = "food_onion-rings@2x.png"; sourceTree = "<group>"; };
		729C081F15ED9AE80082C277 /* food_pizza.png */ = {isa = PBXFileReference; lastKnownFileType = image.png; path = food_pizza.png; sourceTree = "<group>"; };
		729C082015ED9AE80082C277 /* food_pizza@2x.png */ = {isa = PBXFileReference; lastKnownFileType = image.png; path = "food_pizza@2x.png"; sourceTree = "<group>"; };
		729C082115ED9AE80082C277 /* food_soda.png */ = {isa = PBXFileReference; lastKnownFileType = image.png; path = food_soda.png; sourceTree = "<group>"; };
		729C082215ED9AE80082C277 /* food_soda@2x.png */ = {isa = PBXFileReference; lastKnownFileType = image.png; path = "food_soda@2x.png"; sourceTree = "<group>"; };
		729C082315ED9AE80082C277 /* mockup_diner.png */ = {isa = PBXFileReference; lastKnownFileType = image.png; path = mockup_diner.png; sourceTree = "<group>"; };
		729C082415ED9AE80082C277 /* mockup_diner@2x.png */ = {isa = PBXFileReference; lastKnownFileType = image.png; path = "mockup_diner@2x.png"; sourceTree = "<group>"; };
		729C082515ED9AE80082C277 /* person.png */ = {isa = PBXFileReference; lastKnownFileType = image.png; path = person.png; sourceTree = "<group>"; };
		729C082615ED9AE80082C277 /* person@2x.png */ = {isa = PBXFileReference; lastKnownFileType = image.png; path = "person@2x.png"; sourceTree = "<group>"; };
		729C082715ED9AE80082C277 /* sign_blank.png */ = {isa = PBXFileReference; lastKnownFileType = image.png; path = sign_blank.png; sourceTree = "<group>"; };
		729C082815ED9AE80082C277 /* sign_blank@2x.png */ = {isa = PBXFileReference; lastKnownFileType = image.png; path = "sign_blank@2x.png"; sourceTree = "<group>"; };
		729C082915ED9AE80082C277 /* sign_theiOSdiner.png */ = {isa = PBXFileReference; lastKnownFileType = image.png; path = sign_theiOSdiner.png; sourceTree = "<group>"; };
		729C082A15ED9AE80082C277 /* sign_theiOSdiner@2x.png */ = {isa = PBXFileReference; lastKnownFileType = image.png; path = "sign_theiOSdiner@2x.png"; sourceTree = "<group>"; };
		729C082B15ED9AE80082C277 /* total_field.png */ = {isa = PBXFileReference; lastKnownFileType = image.png; path = total_field.png; sourceTree = "<group>"; };
		729C082C15ED9AE80082C277 /* total_field@2x.png */ = {isa = PBXFileReference; lastKnownFileType = image.png; path = "total_field@2x.png"; sourceTree = "<group>"; };
		729C082D15ED9AE80082C277 /* total_field_stretch.png */ = {isa = PBXFileReference; lastKnownFileType = image.png; path = total_field_stretch.png; sourceTree = "<group>"; };
		729C082E15ED9AE80082C277 /* total_field_stretch@2x.png */ = {isa = PBXFileReference; lastKnownFileType = image.png; path = "total_field_stretch@2x.png"; sourceTree = "<group>"; };
/* End PBXFileReference section */

/* Begin PBXFrameworksBuildPhase section */
		729C07DF15ED98510082C277 /* Frameworks */ = {
			isa = PBXFrameworksBuildPhase;
			buildActionMask = 2147483647;
			files = (
				729C07E715ED98510082C277 /* UIKit.framework in Frameworks */,
				729C07E915ED98510082C277 /* Foundation.framework in Frameworks */,
				729C07EB15ED98510082C277 /* CoreGraphics.framework in Frameworks */,
			);
			runOnlyForDeploymentPostprocessing = 0;
		};
/* End PBXFrameworksBuildPhase section */

/* Begin PBXGroup section */
		729C07D715ED98510082C277 = {
			isa = PBXGroup;
			children = (
				729C07EC15ED98510082C277 /* iOSDiner */,
				729C07E515ED98510082C277 /* Frameworks */,
				729C07E315ED98510082C277 /* Products */,
			);
			sourceTree = "<group>";
		};
		729C07E315ED98510082C277 /* Products */ = {
			isa = PBXGroup;
			children = (
				729C07E215ED98510082C277 /* iOSDiner.app */,
			);
			name = Products;
			sourceTree = "<group>";
		};
		729C07E515ED98510082C277 /* Frameworks */ = {
			isa = PBXGroup;
			children = (
				729C07E615ED98510082C277 /* UIKit.framework */,
				729C07E815ED98510082C277 /* Foundation.framework */,
				729C07EA15ED98510082C277 /* CoreGraphics.framework */,
			);
			name = Frameworks;
			sourceTree = "<group>";
		};
		729C07EC15ED98510082C277 /* iOSDiner */ = {
			isa = PBXGroup;
			children = (
				729C080315ED9AE80082C277 /* Resources */,
				729C07F515ED98510082C277 /* IODAppDelegate.h */,
				729C07F615ED98510082C277 /* IODAppDelegate.m */,
				729C07F815ED98510082C277 /* MainStoryboard.storyboard */,
				729C07FB15ED98510082C277 /* IODViewController.h */,
				729C07FC15ED98510082C277 /* IODViewController.m */,
				729C07ED15ED98510082C277 /* Supporting Files */,
			);
			path = iOSDiner;
			sourceTree = "<group>";
		};
		729C07ED15ED98510082C277 /* Supporting Files */ = {
			isa = PBXGroup;
			children = (
				729C07EE15ED98510082C277 /* iOSDiner-Info.plist */,
				729C07EF15ED98510082C277 /* InfoPlist.strings */,
				729C07F215ED98510082C277 /* main.m */,
				729C07F415ED98510082C277 /* iOSDiner-Prefix.pch */,
			);
			name = "Supporting Files";
			sourceTree = "<group>";
		};
		729C080315ED9AE80082C277 /* Resources */ = {
			isa = PBXGroup;
			children = (
				729C080415ED9AE80082C277 /* Images */,
			);
			path = Resources;
			sourceTree = "<group>";
		};
		729C080415ED9AE80082C277 /* Images */ = {
			isa = PBXGroup;
			children = (
				729C080515ED9AE80082C277 /* bg_counter.png */,
				729C080615ED9AE80082C277 /* bg_counter@2x.png */,
				729C080715ED9AE80082C277 /* bg_wall.png */,
				729C080815ED9AE80082C277 /* bg_wall@2x.png */,
				729C080915ED9AE80082C277 /* button_arrow.png */,
				729C080A15ED9AE80082C277 /* button_arrow@2x.png */,
				729C080B15ED9AE80082C277 /* button_arrow_left.png */,
				729C080C15ED9AE80082C277 /* button_arrow_left@2x.png */,
				729C080D15ED9AE80082C277 /* button_silver.png */,
				729C080E15ED9AE80082C277 /* button_silver@2x.png */,
				729C080F15ED9AE80082C277 /* button_silver_stretch.png */,
				729C081015ED9AE80082C277 /* button_silver_stretch@2x.png */,
				729C081115ED9AE80082C277 /* chalkboard.png */,
				729C081215ED9AE80082C277 /* chalkboard@2x.png */,
				729C081315ED9AE80082C277 /* food_box.png */,
				729C081415ED9AE80082C277 /* food_box@2x.png */,
				729C081515ED9AE80082C277 /* food_cheeseburger.png */,
				729C081615ED9AE80082C277 /* food_cheeseburger@2x.png */,
				729C081715ED9AE80082C277 /* food_fries.png */,
				729C081815ED9AE80082C277 /* food_fries@2x.png */,
				729C081915ED9AE80082C277 /* food_hamburger.png */,
				729C081A15ED9AE80082C277 /* food_hamburger@2x.png */,
				729C081B15ED9AE80082C277 /* food_milkshake.png */,
				729C081C15ED9AE80082C277 /* food_milkshake@2x.png */,
				729C081D15ED9AE80082C277 /* food_onion-rings.png */,
				729C081E15ED9AE80082C277 /* food_onion-rings@2x.png */,
				729C081F15ED9AE80082C277 /* food_pizza.png */,
				729C082015ED9AE80082C277 /* food_pizza@2x.png */,
				729C082115ED9AE80082C277 /* food_soda.png */,
				729C082215ED9AE80082C277 /* food_soda@2x.png */,
				729C082315ED9AE80082C277 /* mockup_diner.png */,
				729C082415ED9AE80082C277 /* mockup_diner@2x.png */,
				729C082515ED9AE80082C277 /* person.png */,
				729C082615ED9AE80082C277 /* person@2x.png */,
				729C082715ED9AE80082C277 /* sign_blank.png */,
				729C082815ED9AE80082C277 /* sign_blank@2x.png */,
				729C082915ED9AE80082C277 /* sign_theiOSdiner.png */,
				729C082A15ED9AE80082C277 /* sign_theiOSdiner@2x.png */,
				729C082B15ED9AE80082C277 /* total_field.png */,
				729C082C15ED9AE80082C277 /* total_field@2x.png */,
				729C082D15ED9AE80082C277 /* total_field_stretch.png */,
				729C082E15ED9AE80082C277 /* total_field_stretch@2x.png */,
			);
			path = Images;
			sourceTree = "<group>";
		};
/* End PBXGroup section */

/* Begin PBXNativeTarget section */
		729C07E115ED98510082C277 /* iOSDiner */ = {
			isa = PBXNativeTarget;
			buildConfigurationList = 729C080015ED98510082C277 /* Build configuration list for PBXNativeTarget "iOSDiner" */;
			buildPhases = (
				729C07DE15ED98510082C277 /* Sources */,
				729C07DF15ED98510082C277 /* Frameworks */,
				729C07E015ED98510082C277 /* Resources */,
			);
			buildRules = (
			);
			dependencies = (
			);
			name = iOSDiner;
			productName = iOSDiner;
			productReference = 729C07E215ED98510082C277 /* iOSDiner.app */;
			productType = "com.apple.product-type.application";
		};
/* End PBXNativeTarget section */

/* Begin PBXProject section */
		729C07D915ED98510082C277 /* Project object */ = {
			isa = PBXProject;
			attributes = {
				CLASSPREFIX = IOD;
				LastUpgradeCheck = 0440;
				ORGANIZATIONNAME = "David Guo";
			};
			buildConfigurationList = 729C07DC15ED98510082C277 /* Build configuration list for PBXProject "iOSDiner" */;
			compatibilityVersion = "Xcode 3.2";
			developmentRegion = English;
			hasScannedForEncodings = 0;
			knownRegions = (
				en,
			);
			mainGroup = 729C07D715ED98510082C277;
			productRefGroup = 729C07E315ED98510082C277 /* Products */;
			projectDirPath = "";
			projectRoot = "";
			targets = (
				729C07E115ED98510082C277 /* iOSDiner */,
			);
		};
/* End PBXProject section */

/* Begin PBXResourcesBuildPhase section */
		729C07E015ED98510082C277 /* Resources */ = {
			isa = PBXResourcesBuildPhase;
			buildActionMask = 2147483647;
			files = (
				729C07F115ED98510082C277 /* InfoPlist.strings in Resources */,
				729C07FA15ED98510082C277 /* MainStoryboard.storyboard in Resources */,
				729C082F15ED9AE80082C277 /* bg_counter.png in Resources */,
				729C083015ED9AE80082C277 /* bg_counter@2x.png in Resources */,
				729C083115ED9AE80082C277 /* bg_wall.png in Resources */,
				729C083215ED9AE80082C277 /* bg_wall@2x.png in Resources */,
				729C083315ED9AE80082C277 /* button_arrow.png in Resources */,
				729C083415ED9AE80082C277 /* button_arrow@2x.png in Resources */,
				729C083515ED9AE80082C277 /* button_arrow_left.png in Resources */,
				729C083615ED9AE80082C277 /* button_arrow_left@2x.png in Resources */,
				729C083715ED9AE80082C277 /* button_silver.png in Resources */,
				729C083815ED9AE80082C277 /* button_silver@2x.png in Resources */,
				729C083915ED9AE80082C277 /* button_silver_stretch.png in Resources */,
				729C083A15ED9AE80082C277 /* button_silver_stretch@2x.png in Resources */,
				729C083B15ED9AE80082C277 /* chalkboard.png in Resources */,
				729C083C15ED9AE80082C277 /* chalkboard@2x.png in Resources */,
				729C083D15ED9AE80082C277 /* food_box.png in Resources */,
				729C083E15ED9AE80082C277 /* food_box@2x.png in Resources */,
				729C083F15ED9AE80082C277 /* food_cheeseburger.png in Resources */,
				729C084015ED9AE80082C277 /* food_cheeseburger@2x.png in Resources */,
				729C084115ED9AE80082C277 /* food_fries.png in Resources */,
				729C084215ED9AE80082C277 /* food_fries@2x.png in Resources */,
				729C084315ED9AE80082C277 /* food_hamburger.png in Resources */,
				729C084415ED9AE80082C277 /* food_hamburger@2x.png in Resources */,
				729C084515ED9AE80082C277 /* food_milkshake.png in Resources */,
				729C084615ED9AE80082C277 /* food_milkshake@2x.png in Resources */,
				729C084715ED9AE80082C277 /* food_onion-rings.png in Resources */,
				729C084815ED9AE80082C277 /* food_onion-rings@2x.png in Resources */,
				729C084915ED9AE80082C277 /* food_pizza.png in Resources */,
				729C084A15ED9AE80082C277 /* food_pizza@2x.png in Resources */,
				729C084B15ED9AE80082C277 /* food_soda.png in Resources */,
				729C084C15ED9AE80082C277 /* food_soda@2x.png in Resources */,
				729C084D15ED9AE80082C277 /* mockup_diner.png in Resources */,
				729C084E15ED9AE80082C277 /* mockup_diner@2x.png in Resources */,
				729C084F15ED9AE80082C277 /* person.png in Resources */,
				729C085015ED9AE80082C277 /* person@2x.png in Resources */,
				729C085115ED9AE80082C277 /* sign_blank.png in Resources */,
				729C085215ED9AE80082C277 /* sign_blank@2x.png in Resources */,
				729C085315ED9AE80082C277 /* sign_theiOSdiner.png in Resources */,
				729C085415ED9AE80082C277 /* sign_theiOSdiner@2x.png in Resources */,
				729C085515ED9AE80082C277 /* total_field.png in Resources */,
				729C085615ED9AE80082C277 /* total_field@2x.png in Resources */,
				729C085715ED9AE80082C277 /* total_field_stretch.png in Resources */,
				729C085815ED9AE80082C277 /* total_field_stretch@2x.png in Resources */,
			);
			runOnlyForDeploymentPostprocessing = 0;
		};
/* End PBXResourcesBuildPhase section */

/* Begin PBXSourcesBuildPhase section */
		729C07DE15ED98510082C277 /* Sources */ = {
			isa = PBXSourcesBuildPhase;
			buildActionMask = 2147483647;
			files = (
				729C07F315ED98510082C277 /* main.m in Sources */,
				729C07F715ED98510082C277 /* IODAppDelegate.m in Sources */,
				729C07FD15ED98510082C277 /* IODViewController.m in Sources */,
			);
			runOnlyForDeploymentPostprocessing = 0;
		};
/* End PBXSourcesBuildPhase section */

/* Begin PBXVariantGroup section */
		729C07EF15ED98510082C277 /* InfoPlist.strings */ = {
			isa = PBXVariantGroup;
			children = (
				729C07F015ED98510082C277 /* en */,
			);
			name = InfoPlist.strings;
			sourceTree = "<group>";
		};
		729C07F815ED98510082C277 /* MainStoryboard.storyboard */ = {
			isa = PBXVariantGroup;
			children = (
				729C07F915ED98510082C277 /* en */,
			);
			name = MainStoryboard.storyboard;
			sourceTree = "<group>";
		};
/* End PBXVariantGroup section */

/* Begin XCBuildConfiguration section */
		729C07FE15ED98510082C277 /* Debug */ = {
			isa = XCBuildConfiguration;
			buildSettings = {
				ALWAYS_SEARCH_USER_PATHS = NO;
				ARCHS = "$(ARCHS_STANDARD_32_BIT)";
				CLANG_CXX_LANGUAGE_STANDARD = "gnu++0x";
				CLANG_ENABLE_OBJC_ARC = YES;
				CLANG_WARN__DUPLICATE_METHOD_MATCH = YES;
				"CODE_SIGN_IDENTITY[sdk=iphoneos*]" = "iPhone Developer";
				COPY_PHASE_STRIP = NO;
				GCC_C_LANGUAGE_STANDARD = gnu99;
				GCC_DYNAMIC_NO_PIC = NO;
				GCC_OPTIMIZATION_LEVEL = 0;
				GCC_PREPROCESSOR_DEFINITIONS = (
					"DEBUG=1",
					"$(inherited)",
				);
				GCC_SYMBOLS_PRIVATE_EXTERN = NO;
				GCC_VERSION = com.apple.compilers.llvm.clang.1_0;
				GCC_WARN_ABOUT_RETURN_TYPE = YES;
				GCC_WARN_UNINITIALIZED_AUTOS = YES;
				GCC_WARN_UNUSED_VARIABLE = YES;
				IPHONEOS_DEPLOYMENT_TARGET = 5.1;
				SDKROOT = iphoneos;
			};
			name = Debug;
		};
		729C07FF15ED98510082C277 /* Release */ = {
			isa = XCBuildConfiguration;
			buildSettings = {
				ALWAYS_SEARCH_USER_PATHS = NO;
				ARCHS = "$(ARCHS_STANDARD_32_BIT)";
				CLANG_CXX_LANGUAGE_STANDARD = "gnu++0x";
				CLANG_ENABLE_OBJC_ARC = YES;
				CLANG_WARN__DUPLICATE_METHOD_MATCH = YES;
				"CODE_SIGN_IDENTITY[sdk=iphoneos*]" = "iPhone Developer";
				COPY_PHASE_STRIP = YES;
				GCC_C_LANGUAGE_STANDARD = gnu99;
				GCC_VERSION = com.apple.compilers.llvm.clang.1_0;
				GCC_WARN_ABOUT_RETURN_TYPE = YES;
				GCC_WARN_UNINITIALIZED_AUTOS = YES;
				GCC_WARN_UNUSED_VARIABLE = YES;
				IPHONEOS_DEPLOYMENT_TARGET = 5.1;
				OTHER_CFLAGS = "-DNS_BLOCK_ASSERTIONS=1";
				SDKROOT = iphoneos;
				VALIDATE_PRODUCT = YES;
			};
			name = Release;
		};
		729C080115ED98510082C277 /* Debug */ = {
			isa = XCBuildConfiguration;
			buildSettings = {
				GCC_PRECOMPILE_PREFIX_HEADER = YES;
				GCC_PREFIX_HEADER = "iOSDiner/iOSDiner-Prefix.pch";
				INFOPLIST_FILE = "iOSDiner/iOSDiner-Info.plist";
				PRODUCT_NAME = "$(TARGET_NAME)";
				WRAPPER_EXTENSION = app;
			};
			name = Debug;
		};
		729C080215ED98510082C277 /* Release */ = {
			isa = XCBuildConfiguration;
			buildSettings = {
				GCC_PRECOMPILE_PREFIX_HEADER = YES;
				GCC_PREFIX_HEADER = "iOSDiner/iOSDiner-Prefix.pch";
				INFOPLIST_FILE = "iOSDiner/iOSDiner-Info.plist";
				PRODUCT_NAME = "$(TARGET_NAME)";
				WRAPPER_EXTENSION = app;
			};
			name = Release;
		};
/* End XCBuildConfiguration section */

/* Begin XCConfigurationList section */
		729C07DC15ED98510082C277 /* Build configuration list for PBXProject "iOSDiner" */ = {
			isa = XCConfigurationList;
			buildConfigurations = (
				729C07FE15ED98510082C277 /* Debug */,
				729C07FF15ED98510082C277 /* Release */,
			);
			defaultConfigurationIsVisible = 0;
			defaultConfigurationName = Release;
		};
		729C080015ED98510082C277 /* Build configuration list for PBXNativeTarget "iOSDiner" */ = {
			isa = XCConfigurationList;
			buildConfigurations = (
				729C080115ED98510082C277 /* Debug */,
				729C080215ED98510082C277 /* Release */,
			);
			defaultConfigurationIsVisible = 0;
		};
/* End XCConfigurationList section */
	};
	rootObject = 729C07D915ED98510082C277 /* Project object */;
}
